
Microsoft Visual Studio Solution File, Format Version 12.00
# Visual Studio 15
VisualStudioVersion = 15.0.28307.1169
MinimumVisualStudioVersion = 10.0.40219.1
Project("{FAE04EC0-301F-11D3-BF4B-00C04F79EFBC}") = "COUNTERS", "COUNTERS.csproj", "{0E4C0FA1-C6BE-4373-9492-FD7F8A9B85D3}"
EndProject
Global
	GlobalSection(SolutionConfigurationPlatforms) = preSolution
		Debug|Any CPU = Debug|Any CPU
		Release|Any CPU = Release|Any CPU
	EndGlobalSection
	GlobalSection(ProjectConfigurationPlatforms) = postSolution
		{0E4C0FA1-C6BE-4373-9492-FD7F8A9B85D3}.Debug|Any CPU.ActiveCfg = Debug|Any CPU
		{0E4C0FA1-C6BE-4373-9492-FD7F8A9B85D3}.Debug|Any CPU.Build.0 = Debug|Any CPU
		{0E4C0FA1-C6BE-4373-9492-FD7F8A9B85D3}.Release|Any CPU.ActiveCfg = Release|Any CPU
		{0E4C0FA1-C6BE-4373-9492-FD7F8A9B85D3}.Release|Any CPU.Build.0 = Release|Any CPU
	EndGlobalSection
	GlobalSection(SolutionProperties) = preSolution
		HideSolutionNode = FALSE
	EndGlobalSection
	GlobalSection(ExtensibilityGlobals) = postSolution
		SolutionGuid = {42ACB3B1-11BF-4C91-9B5C-5E91B89379F1}
	EndGlobalSection
EndGlobal
